// !$*UTF8*$!
{
	archiveVersion = 1;
	classes = {
	};
	objectVersion = 46;
	objects = {

/* Begin PBXBuildFile section */
		C10570E11CAB6B0800A37C0B /* JZSwipeCell.m in Sources */ = {isa = PBXBuildFile; fileRef = C10570E01CAB6B0800A37C0B /* JZSwipeCell.m */; };
		C10570E71CAB7FC600A37C0B /* MCSwipeTableViewCell.m in Sources */ = {isa = PBXBuildFile; fileRef = C10570E61CAB7FC600A37C0B /* MCSwipeTableViewCell.m */; };
		C1405C401C9656B7006FE66D /* WebViewJavascriptBridge.m in Sources */ = {isa = PBXBuildFile; fileRef = C1405C391C9656B7006FE66D /* WebViewJavascriptBridge.m */; };
		C1405C411C9656B7006FE66D /* WebViewJavascriptBridge_JS.m in Sources */ = {isa = PBXBuildFile; fileRef = C1405C3B1C9656B7006FE66D /* WebViewJavascriptBridge_JS.m */; };
		C1405C421C9656B7006FE66D /* WebViewJavascriptBridgeBase.m in Sources */ = {isa = PBXBuildFile; fileRef = C1405C3D1C9656B7006FE66D /* WebViewJavascriptBridgeBase.m */; };
		C1405C431C9656B7006FE66D /* WKWebViewJavascriptBridge.m in Sources */ = {isa = PBXBuildFile; fileRef = C1405C3F1C9656B7006FE66D /* WKWebViewJavascriptBridge.m */; };
		C1405C461C9661E0006FE66D /* WebKit.framework in Frameworks */ = {isa = PBXBuildFile; fileRef = C1405C451C9661E0006FE66D /* WebKit.framework */; };
		C1405C491C96A345006FE66D /* ExampleUIWebViewController.m in Sources */ = {isa = PBXBuildFile; fileRef = C1405C481C96A345006FE66D /* ExampleUIWebViewController.m */; };
		C1405C4B1C96AC78006FE66D /* ExampleApp.html in Resources */ = {isa = PBXBuildFile; fileRef = C1405C4A1C96AC78006FE66D /* ExampleApp.html */; };
		C144174E1CC636B8000C3183 /* NSData+SubData.m in Sources */ = {isa = PBXBuildFile; fileRef = C144174D1CC636B8000C3183 /* NSData+SubData.m */; };
		C14571E11CB5FEEE004256F0 /* Device.m in Sources */ = {isa = PBXBuildFile; fileRef = C14571E01CB5FEEE004256F0 /* Device.m */; };
		C147B6F01CC8BCC10000A99E /* LeafProgressView.m in Sources */ = {isa = PBXBuildFile; fileRef = C147B6EF1CC8BCC10000A99E /* LeafProgressView.m */; };
		C14827421CC9BC2600E53C5E /* KVNViewController.text in Sources */ = {isa = PBXBuildFile; fileRef = C14827411CC9BC2600E53C5E /* KVNViewController.text */; };
		C14E6DA81C883FE80081F523 /* XYNetworkInterface.m in Sources */ = {isa = PBXBuildFile; fileRef = C14E6DA71C883FE80081F523 /* XYNetworkInterface.m */; };
		C14E6DB71C88403D0081F523 /* AFHTTPSessionManager.m in Sources */ = {isa = PBXBuildFile; fileRef = C14E6DAB1C88403D0081F523 /* AFHTTPSessionManager.m */; };
		C14E6DB81C88403D0081F523 /* AFNetworkReachabilityManager.m in Sources */ = {isa = PBXBuildFile; fileRef = C14E6DAE1C88403D0081F523 /* AFNetworkReachabilityManager.m */; };
		C14E6DB91C88403D0081F523 /* AFSecurityPolicy.m in Sources */ = {isa = PBXBuildFile; fileRef = C14E6DB01C88403D0081F523 /* AFSecurityPolicy.m */; };
		C14E6DBA1C88403D0081F523 /* AFURLRequestSerialization.m in Sources */ = {isa = PBXBuildFile; fileRef = C14E6DB21C88403D0081F523 /* AFURLRequestSerialization.m */; };
		C14E6DBB1C88403D0081F523 /* AFURLResponseSerialization.m in Sources */ = {isa = PBXBuildFile; fileRef = C14E6DB41C88403D0081F523 /* AFURLResponseSerialization.m */; };
		C14E6DBC1C88403D0081F523 /* AFURLSessionManager.m in Sources */ = {isa = PBXBuildFile; fileRef = C14E6DB61C88403D0081F523 /* AFURLSessionManager.m */; };
		C150431D1C9F918D00F42905 /* BlocklyDuino-pages in Resources */ = {isa = PBXBuildFile; fileRef = C150431C1C9F918D00F42905 /* BlocklyDuino-pages */; };
		C16033D91CACECFE00D6BA9B /* XYSwiperCell.m in Sources */ = {isa = PBXBuildFile; fileRef = C16033D71CACECFE00D6BA9B /* XYSwiperCell.m */; };
		C16033DA1CACECFE00D6BA9B /* XYSwiperCell.xib in Resources */ = {isa = PBXBuildFile; fileRef = C16033D81CACECFE00D6BA9B /* XYSwiperCell.xib */; };
		C16162BA1CBF3C420045B1D5 /* DownImageViewController.m in Sources */ = {isa = PBXBuildFile; fileRef = C16162B91CBF3C420045B1D5 /* DownImageViewController.m */; };
		C16162BD1CBFA2DE0045B1D5 /* NSString+FindString.m in Sources */ = {isa = PBXBuildFile; fileRef = C16162BC1CBFA2DE0045B1D5 /* NSString+FindString.m */; };
		C18E0E871C7AFD440097A842 /* main.m in Sources */ = {isa = PBXBuildFile; fileRef = C18E0E861C7AFD440097A842 /* main.m */; };
		C18E0E8A1C7AFD440097A842 /* AppDelegate.m in Sources */ = {isa = PBXBuildFile; fileRef = C18E0E891C7AFD440097A842 /* AppDelegate.m */; };
		C18E0E8D1C7AFD440097A842 /* JSWebViewController.m in Sources */ = {isa = PBXBuildFile; fileRef = C18E0E8C1C7AFD440097A842 /* JSWebViewController.m */; };
		C18E0E901C7AFD440097A842 /* Main.storyboard in Resources */ = {isa = PBXBuildFile; fileRef = C18E0E8E1C7AFD440097A842 /* Main.storyboard */; };
		C18E0E921C7AFD440097A842 /* Assets.xcassets in Resources */ = {isa = PBXBuildFile; fileRef = C18E0E911C7AFD440097A842 /* Assets.xcassets */; };
		C18E0E951C7AFD440097A842 /* LaunchScreen.storyboard in Resources */ = {isa = PBXBuildFile; fileRef = C18E0E931C7AFD440097A842 /* LaunchScreen.storyboard */; };
		C18E0EA01C7AFD440097A842 /* googleBlock2_0Tests.m in Sources */ = {isa = PBXBuildFile; fileRef = C18E0E9F1C7AFD440097A842 /* googleBlock2_0Tests.m */; };
		C18E0EAB1C7AFD450097A842 /* googleBlock2_0UITests.m in Sources */ = {isa = PBXBuildFile; fileRef = C18E0EAA1C7AFD450097A842 /* googleBlock2_0UITests.m */; };
		C19A1B9F1CAA89C3006CD176 /* FileOptions.m in Sources */ = {isa = PBXBuildFile; fileRef = C19A1B9E1CAA89C3006CD176 /* FileOptions.m */; };
		C1B1A4371CAD310000BE4023 /* KVNProgress.m in Sources */ = {isa = PBXBuildFile; fileRef = C1B1A4361CAD310000BE4023 /* KVNProgress.m */; };
		C1B1A43D1CAD314600BE4023 /* UIImage+KVNEmpty.m in Sources */ = {isa = PBXBuildFile; fileRef = C1B1A43A1CAD314600BE4023 /* UIImage+KVNEmpty.m */; };
		C1B1A43E1CAD314600BE4023 /* UIImage+KVNImageEffects.m in Sources */ = {isa = PBXBuildFile; fileRef = C1B1A43C1CAD314600BE4023 /* UIImage+KVNImageEffects.m */; };
		C1B1A4401CAD316D00BE4023 /* KVNProgressView.xib in Resources */ = {isa = PBXBuildFile; fileRef = C1B1A43F1CAD316D00BE4023 /* KVNProgressView.xib */; };
		C1B1A4451CAE10B700BE4023 /* SetMask.xib in Resources */ = {isa = PBXBuildFile; fileRef = C1B1A4421CAE10B700BE4023 /* SetMask.xib */; };
		C1B1A4461CAE10B700BE4023 /* SetMaskView.m in Sources */ = {isa = PBXBuildFile; fileRef = C1B1A4441CAE10B700BE4023 /* SetMaskView.m */; };
		C1B1A44A1CAE15F200BE4023 /* SerialGATT.m in Sources */ = {isa = PBXBuildFile; fileRef = C1B1A4491CAE15F200BE4023 /* SerialGATT.m */; };
		C1B1A4501CAE1B4A00BE4023 /* XYSerialManage.m in Sources */ = {isa = PBXBuildFile; fileRef = C1B1A44F1CAE1B4A00BE4023 /* XYSerialManage.m */; };
/* End PBXBuildFile section */

/* Begin PBXContainerItemProxy section */
		C18E0E9C1C7AFD440097A842 /* PBXContainerItemProxy */ = {
			isa = PBXContainerItemProxy;
			containerPortal = C18E0E7A1C7AFD440097A842 /* Project object */;
			proxyType = 1;
			remoteGlobalIDString = C18E0E811C7AFD440097A842;
			remoteInfo = googleBlock2.0;
		};
		C18E0EA71C7AFD450097A842 /* PBXContainerItemProxy */ = {
			isa = PBXContainerItemProxy;
			containerPortal = C18E0E7A1C7AFD440097A842 /* Project object */;
			proxyType = 1;
			remoteGlobalIDString = C18E0E811C7AFD440097A842;
			remoteInfo = googleBlock2.0;
		};
/* End PBXContainerItemProxy section */

/* Begin PBXFileReference section */
		C10570DF1CAB6B0800A37C0B /* JZSwipeCell.h */ = {isa = PBXFileReference; fileEncoding = 4; lastKnownFileType = sourcecode.c.h; path = JZSwipeCell.h; sourceTree = "<group>"; };
		C10570E01CAB6B0800A37C0B /* JZSwipeCell.m */ = {isa = PBXFileReference; fileEncoding = 4; lastKnownFileType = sourcecode.c.objc; path = JZSwipeCell.m; sourceTree = "<group>"; };
		C10570E51CAB7FC600A37C0B /* MCSwipeTableViewCell.h */ = {isa = PBXFileReference; fileEncoding = 4; lastKnownFileType = sourcecode.c.h; path = MCSwipeTableViewCell.h; sourceTree = "<group>"; };
		C10570E61CAB7FC600A37C0B /* MCSwipeTableViewCell.m */ = {isa = PBXFileReference; fileEncoding = 4; lastKnownFileType = sourcecode.c.objc; path = MCSwipeTableViewCell.m; sourceTree = "<group>"; };
		C1405C381C9656B7006FE66D /* WebViewJavascriptBridge.h */ = {isa = PBXFileReference; fileEncoding = 4; lastKnownFileType = sourcecode.c.h; path = WebViewJavascriptBridge.h; sourceTree = "<group>"; };
		C1405C391C9656B7006FE66D /* WebViewJavascriptBridge.m */ = {isa = PBXFileReference; fileEncoding = 4; lastKnownFileType = sourcecode.c.objc; path = WebViewJavascriptBridge.m; sourceTree = "<group>"; };
		C1405C3A1C9656B7006FE66D /* WebViewJavascriptBridge_JS.h */ = {isa = PBXFileReference; fileEncoding = 4; lastKnownFileType = sourcecode.c.h; path = WebViewJavascriptBridge_JS.h; sourceTree = "<group>"; };
		C1405C3B1C9656B7006FE66D /* WebViewJavascriptBridge_JS.m */ = {isa = PBXFileReference; fileEncoding = 4; lastKnownFileType = sourcecode.c.objc; path = WebViewJavascriptBridge_JS.m; sourceTree = "<group>"; };
		C1405C3C1C9656B7006FE66D /* WebViewJavascriptBridgeBase.h */ = {isa = PBXFileReference; fileEncoding = 4; lastKnownFileType = sourcecode.c.h; path = WebViewJavascriptBridgeBase.h; sourceTree = "<group>"; };
		C1405C3D1C9656B7006FE66D /* WebViewJavascriptBridgeBase.m */ = {isa = PBXFileReference; fileEncoding = 4; lastKnownFileType = sourcecode.c.objc; path = WebViewJavascriptBridgeBase.m; sourceTree = "<group>"; };
		C1405C3E1C9656B7006FE66D /* WKWebViewJavascriptBridge.h */ = {isa = PBXFileReference; fileEncoding = 4; lastKnownFileType = sourcecode.c.h; path = WKWebViewJavascriptBridge.h; sourceTree = "<group>"; };
		C1405C3F1C9656B7006FE66D /* WKWebViewJavascriptBridge.m */ = {isa = PBXFileReference; fileEncoding = 4; lastKnownFileType = sourcecode.c.objc; path = WKWebViewJavascriptBridge.m; sourceTree = "<group>"; };
		C1405C451C9661E0006FE66D /* WebKit.framework */ = {isa = PBXFileReference; lastKnownFileType = wrapper.framework; name = WebKit.framework; path = System/Library/Frameworks/WebKit.framework; sourceTree = SDKROOT; };
		C1405C471C96A345006FE66D /* ExampleUIWebViewController.h */ = {isa = PBXFileReference; fileEncoding = 4; lastKnownFileType = sourcecode.c.h; path = ExampleUIWebViewController.h; sourceTree = "<group>"; };
		C1405C481C96A345006FE66D /* ExampleUIWebViewController.m */ = {isa = PBXFileReference; fileEncoding = 4; lastKnownFileType = sourcecode.c.objc; path = ExampleUIWebViewController.m; sourceTree = "<group>"; };
		C1405C4A1C96AC78006FE66D /* ExampleApp.html */ = {isa = PBXFileReference; fileEncoding = 4; lastKnownFileType = text.html; path = ExampleApp.html; sourceTree = "<group>"; };
		C144174C1CC636B8000C3183 /* NSData+SubData.h */ = {isa = PBXFileReference; fileEncoding = 4; lastKnownFileType = sourcecode.c.h; path = "NSData+SubData.h"; sourceTree = "<group>"; };
		C144174D1CC636B8000C3183 /* NSData+SubData.m */ = {isa = PBXFileReference; fileEncoding = 4; lastKnownFileType = sourcecode.c.objc; path = "NSData+SubData.m"; sourceTree = "<group>"; };
		C14571DF1CB5FEEE004256F0 /* Device.h */ = {isa = PBXFileReference; fileEncoding = 4; lastKnownFileType = sourcecode.c.h; path = Device.h; sourceTree = "<group>"; };
		C14571E01CB5FEEE004256F0 /* Device.m */ = {isa = PBXFileReference; fileEncoding = 4; lastKnownFileType = sourcecode.c.objc; path = Device.m; sourceTree = "<group>"; };
		C14571E31CB603E9004256F0 /* googleBlock2.0.pch */ = {isa = PBXFileReference; fileEncoding = 4; lastKnownFileType = sourcecode.c.h; path = googleBlock2.0.pch; sourceTree = "<group>"; };
		C147B6EE1CC8BCC10000A99E /* LeafProgressView.h */ = {isa = PBXFileReference; fileEncoding = 4; lastKnownFileType = sourcecode.c.h; path = LeafProgressView.h; sourceTree = "<group>"; };
		C147B6EF1CC8BCC10000A99E /* LeafProgressView.m */ = {isa = PBXFileReference; fileEncoding = 4; lastKnownFileType = sourcecode.c.objc; path = LeafProgressView.m; sourceTree = "<group>"; };
		C14827411CC9BC2600E53C5E /* KVNViewController.text */ = {isa = PBXFileReference; fileEncoding = 4; lastKnownFileType = net.daringfireball.markdown; path = KVNViewController.text; sourceTree = "<group>"; };
		C14827431CC9BC3400E53C5E /* KVNViewController.h */ = {isa = PBXFileReference; lastKnownFileType = sourcecode.c.h; path = KVNViewController.h; sourceTree = "<group>"; };
		C14E6DA61C883FE80081F523 /* XYNetworkInterface.h */ = {isa = PBXFileReference; fileEncoding = 4; lastKnownFileType = sourcecode.c.h; name = XYNetworkInterface.h; path = googleBlock2.0/XYNetworkInterface.h; sourceTree = "<group>"; };
		C14E6DA71C883FE80081F523 /* XYNetworkInterface.m */ = {isa = PBXFileReference; fileEncoding = 4; lastKnownFileType = sourcecode.c.objc; name = XYNetworkInterface.m; path = googleBlock2.0/XYNetworkInterface.m; sourceTree = "<group>"; };
		C14E6DAA1C88403D0081F523 /* AFHTTPSessionManager.h */ = {isa = PBXFileReference; fileEncoding = 4; lastKnownFileType = sourcecode.c.h; path = AFHTTPSessionManager.h; sourceTree = "<group>"; };
		C14E6DAB1C88403D0081F523 /* AFHTTPSessionManager.m */ = {isa = PBXFileReference; fileEncoding = 4; lastKnownFileType = sourcecode.c.objc; path = AFHTTPSessionManager.m; sourceTree = "<group>"; };
		C14E6DAC1C88403D0081F523 /* AFNetworking.h */ = {isa = PBXFileReference; fileEncoding = 4; lastKnownFileType = sourcecode.c.h; path = AFNetworking.h; sourceTree = "<group>"; };
		C14E6DAD1C88403D0081F523 /* AFNetworkReachabilityManager.h */ = {isa = PBXFileReference; fileEncoding = 4; lastKnownFileType = sourcecode.c.h; path = AFNetworkReachabilityManager.h; sourceTree = "<group>"; };
		C14E6DAE1C88403D0081F523 /* AFNetworkReachabilityManager.m */ = {isa = PBXFileReference; fileEncoding = 4; lastKnownFileType = sourcecode.c.objc; path = AFNetworkReachabilityManager.m; sourceTree = "<group>"; };
		C14E6DAF1C88403D0081F523 /* AFSecurityPolicy.h */ = {isa = PBXFileReference; fileEncoding = 4; lastKnownFileType = sourcecode.c.h; path = AFSecurityPolicy.h; sourceTree = "<group>"; };
		C14E6DB01C88403D0081F523 /* AFSecurityPolicy.m */ = {isa = PBXFileReference; fileEncoding = 4; lastKnownFileType = sourcecode.c.objc; path = AFSecurityPolicy.m; sourceTree = "<group>"; };
		C14E6DB11C88403D0081F523 /* AFURLRequestSerialization.h */ = {isa = PBXFileReference; fileEncoding = 4; lastKnownFileType = sourcecode.c.h; path = AFURLRequestSerialization.h; sourceTree = "<group>"; };
		C14E6DB21C88403D0081F523 /* AFURLRequestSerialization.m */ = {isa = PBXFileReference; fileEncoding = 4; lastKnownFileType = sourcecode.c.objc; path = AFURLRequestSerialization.m; sourceTree = "<group>"; };
		C14E6DB31C88403D0081F523 /* AFURLResponseSerialization.h */ = {isa = PBXFileReference; fileEncoding = 4; lastKnownFileType = sourcecode.c.h; path = AFURLResponseSerialization.h; sourceTree = "<group>"; };
		C14E6DB41C88403D0081F523 /* AFURLResponseSerialization.m */ = {isa = PBXFileReference; fileEncoding = 4; lastKnownFileType = sourcecode.c.objc; path = AFURLResponseSerialization.m; sourceTree = "<group>"; };
		C14E6DB51C88403D0081F523 /* AFURLSessionManager.h */ = {isa = PBXFileReference; fileEncoding = 4; lastKnownFileType = sourcecode.c.h; path = AFURLSessionManager.h; sourceTree = "<group>"; };
		C14E6DB61C88403D0081F523 /* AFURLSessionManager.m */ = {isa = PBXFileReference; fileEncoding = 4; lastKnownFileType = sourcecode.c.objc; path = AFURLSessionManager.m; sourceTree = "<group>"; };
		C150431C1C9F918D00F42905 /* BlocklyDuino-pages */ = {isa = PBXFileReference; lastKnownFileType = folder; path = "BlocklyDuino-pages"; sourceTree = "<group>"; };
		C16033D61CACECFE00D6BA9B /* XYSwiperCell.h */ = {isa = PBXFileReference; fileEncoding = 4; lastKnownFileType = sourcecode.c.h; path = XYSwiperCell.h; sourceTree = "<group>"; };
		C16033D71CACECFE00D6BA9B /* XYSwiperCell.m */ = {isa = PBXFileReference; fileEncoding = 4; lastKnownFileType = sourcecode.c.objc; path = XYSwiperCell.m; sourceTree = "<group>"; };
		C16033D81CACECFE00D6BA9B /* XYSwiperCell.xib */ = {isa = PBXFileReference; fileEncoding = 4; lastKnownFileType = file.xib; path = XYSwiperCell.xib; sourceTree = "<group>"; };
		C16162B81CBF3C420045B1D5 /* DownImageViewController.h */ = {isa = PBXFileReference; fileEncoding = 4; lastKnownFileType = sourcecode.c.h; path = DownImageViewController.h; sourceTree = "<group>"; };
		C16162B91CBF3C420045B1D5 /* DownImageViewController.m */ = {isa = PBXFileReference; fileEncoding = 4; lastKnownFileType = sourcecode.c.objc; path = DownImageViewController.m; sourceTree = "<group>"; };
		C16162BB1CBFA2DE0045B1D5 /* NSString+FindString.h */ = {isa = PBXFileReference; fileEncoding = 4; lastKnownFileType = sourcecode.c.h; path = "NSString+FindString.h"; sourceTree = "<group>"; };
		C16162BC1CBFA2DE0045B1D5 /* NSString+FindString.m */ = {isa = PBXFileReference; fileEncoding = 4; lastKnownFileType = sourcecode.c.objc; path = "NSString+FindString.m"; sourceTree = "<group>"; };
		C18E0E821C7AFD440097A842 /* googleBlock2.0.app */ = {isa = PBXFileReference; explicitFileType = wrapper.application; includeInIndex = 0; path = googleBlock2.0.app; sourceTree = BUILT_PRODUCTS_DIR; };
		C18E0E861C7AFD440097A842 /* main.m */ = {isa = PBXFileReference; lastKnownFileType = sourcecode.c.objc; path = main.m; sourceTree = "<group>"; };
		C18E0E881C7AFD440097A842 /* AppDelegate.h */ = {isa = PBXFileReference; lastKnownFileType = sourcecode.c.h; path = AppDelegate.h; sourceTree = "<group>"; };
		C18E0E891C7AFD440097A842 /* AppDelegate.m */ = {isa = PBXFileReference; lastKnownFileType = sourcecode.c.objc; path = AppDelegate.m; sourceTree = "<group>"; };
		C18E0E8B1C7AFD440097A842 /* JSWebViewController.h */ = {isa = PBXFileReference; lastKnownFileType = sourcecode.c.h; path = JSWebViewController.h; sourceTree = "<group>"; };
		C18E0E8C1C7AFD440097A842 /* JSWebViewController.m */ = {isa = PBXFileReference; lastKnownFileType = sourcecode.c.objc; path = JSWebViewController.m; sourceTree = "<group>"; };
		C18E0E8F1C7AFD440097A842 /* Base */ = {isa = PBXFileReference; lastKnownFileType = file.storyboard; name = Base; path = Base.lproj/Main.storyboard; sourceTree = "<group>"; };
		C18E0E911C7AFD440097A842 /* Assets.xcassets */ = {isa = PBXFileReference; lastKnownFileType = folder.assetcatalog; path = Assets.xcassets; sourceTree = "<group>"; };
		C18E0E941C7AFD440097A842 /* Base */ = {isa = PBXFileReference; lastKnownFileType = file.storyboard; name = Base; path = Base.lproj/LaunchScreen.storyboard; sourceTree = "<group>"; };
		C18E0E961C7AFD440097A842 /* Info.plist */ = {isa = PBXFileReference; lastKnownFileType = text.plist.xml; path = Info.plist; sourceTree = "<group>"; };
		C18E0E9B1C7AFD440097A842 /* googleBlock2.0Tests.xctest */ = {isa = PBXFileReference; explicitFileType = wrapper.cfbundle; includeInIndex = 0; path = googleBlock2.0Tests.xctest; sourceTree = BUILT_PRODUCTS_DIR; };
		C18E0E9F1C7AFD440097A842 /* googleBlock2_0Tests.m */ = {isa = PBXFileReference; lastKnownFileType = sourcecode.c.objc; path = googleBlock2_0Tests.m; sourceTree = "<group>"; };
		C18E0EA11C7AFD450097A842 /* Info.plist */ = {isa = PBXFileReference; lastKnownFileType = text.plist.xml; path = Info.plist; sourceTree = "<group>"; };
		C18E0EA61C7AFD450097A842 /* googleBlock2.0UITests.xctest */ = {isa = PBXFileReference; explicitFileType = wrapper.cfbundle; includeInIndex = 0; path = googleBlock2.0UITests.xctest; sourceTree = BUILT_PRODUCTS_DIR; };
		C18E0EAA1C7AFD450097A842 /* googleBlock2_0UITests.m */ = {isa = PBXFileReference; lastKnownFileType = sourcecode.c.objc; path = googleBlock2_0UITests.m; sourceTree = "<group>"; };
		C18E0EAC1C7AFD450097A842 /* Info.plist */ = {isa = PBXFileReference; lastKnownFileType = text.plist.xml; path = Info.plist; sourceTree = "<group>"; };
		C19A1B9D1CAA89C3006CD176 /* FileOptions.h */ = {isa = PBXFileReference; fileEncoding = 4; lastKnownFileType = sourcecode.c.h; path = FileOptions.h; sourceTree = "<group>"; };
		C19A1B9E1CAA89C3006CD176 /* FileOptions.m */ = {isa = PBXFileReference; fileEncoding = 4; lastKnownFileType = sourcecode.c.objc; path = FileOptions.m; sourceTree = "<group>"; };
		C1B1A4351CAD310000BE4023 /* KVNProgress.h */ = {isa = PBXFileReference; fileEncoding = 4; lastKnownFileType = sourcecode.c.h; path = KVNProgress.h; sourceTree = "<group>"; };
		C1B1A4361CAD310000BE4023 /* KVNProgress.m */ = {isa = PBXFileReference; fileEncoding = 4; lastKnownFileType = sourcecode.c.objc; path = KVNProgress.m; sourceTree = "<group>"; };
		C1B1A4391CAD314600BE4023 /* UIImage+KVNEmpty.h */ = {isa = PBXFileReference; fileEncoding = 4; lastKnownFileType = sourcecode.c.h; path = "UIImage+KVNEmpty.h"; sourceTree = "<group>"; };
		C1B1A43A1CAD314600BE4023 /* UIImage+KVNEmpty.m */ = {isa = PBXFileReference; fileEncoding = 4; lastKnownFileType = sourcecode.c.objc; path = "UIImage+KVNEmpty.m"; sourceTree = "<group>"; };
		C1B1A43B1CAD314600BE4023 /* UIImage+KVNImageEffects.h */ = {isa = PBXFileReference; fileEncoding = 4; lastKnownFileType = sourcecode.c.h; path = "UIImage+KVNImageEffects.h"; sourceTree = "<group>"; };
		C1B1A43C1CAD314600BE4023 /* UIImage+KVNImageEffects.m */ = {isa = PBXFileReference; fileEncoding = 4; lastKnownFileType = sourcecode.c.objc; path = "UIImage+KVNImageEffects.m"; sourceTree = "<group>"; };
		C1B1A43F1CAD316D00BE4023 /* KVNProgressView.xib */ = {isa = PBXFileReference; fileEncoding = 4; lastKnownFileType = file.xib; path = KVNProgressView.xib; sourceTree = "<group>"; };
		C1B1A4421CAE10B700BE4023 /* SetMask.xib */ = {isa = PBXFileReference; fileEncoding = 4; lastKnownFileType = file.xib; path = SetMask.xib; sourceTree = "<group>"; };
		C1B1A4431CAE10B700BE4023 /* SetMaskView.h */ = {isa = PBXFileReference; fileEncoding = 4; lastKnownFileType = sourcecode.c.h; path = SetMaskView.h; sourceTree = "<group>"; };
		C1B1A4441CAE10B700BE4023 /* SetMaskView.m */ = {isa = PBXFileReference; fileEncoding = 4; lastKnownFileType = sourcecode.c.objc; path = SetMaskView.m; sourceTree = "<group>"; };
		C1B1A4481CAE15F200BE4023 /* SerialGATT.h */ = {isa = PBXFileReference; fileEncoding = 4; lastKnownFileType = sourcecode.c.h; name = SerialGATT.h; path = googleBlock2.0/SerialGATT.h; sourceTree = "<group>"; };
		C1B1A4491CAE15F200BE4023 /* SerialGATT.m */ = {isa = PBXFileReference; fileEncoding = 4; lastKnownFileType = sourcecode.c.objc; name = SerialGATT.m; path = googleBlock2.0/SerialGATT.m; sourceTree = "<group>"; };
		C1B1A44E1CAE1B4A00BE4023 /* XYSerialManage.h */ = {isa = PBXFileReference; fileEncoding = 4; lastKnownFileType = sourcecode.c.h; path = XYSerialManage.h; sourceTree = "<group>"; };
		C1B1A44F1CAE1B4A00BE4023 /* XYSerialManage.m */ = {isa = PBXFileReference; fileEncoding = 4; lastKnownFileType = sourcecode.c.objc; path = XYSerialManage.m; sourceTree = "<group>"; };
/* End PBXFileReference section */

/* Begin PBXFrameworksBuildPhase section */
		C18E0E7F1C7AFD440097A842 /* Frameworks */ = {
			isa = PBXFrameworksBuildPhase;
			buildActionMask = 2147483647;
			files = (
				C1405C461C9661E0006FE66D /* WebKit.framework in Frameworks */,
			);
			runOnlyForDeploymentPostprocessing = 0;
		};
		C18E0E981C7AFD440097A842 /* Frameworks */ = {
			isa = PBXFrameworksBuildPhase;
			buildActionMask = 2147483647;
			files = (
			);
			runOnlyForDeploymentPostprocessing = 0;
		};
		C18E0EA31C7AFD450097A842 /* Frameworks */ = {
			isa = PBXFrameworksBuildPhase;
			buildActionMask = 2147483647;
			files = (
			);
			runOnlyForDeploymentPostprocessing = 0;
		};
/* End PBXFrameworksBuildPhase section */

/* Begin PBXGroup section */
		C1405C371C9656B7006FE66D /* WebViewJavascriptBridge */ = {
			isa = PBXGroup;
			children = (
				C1405C381C9656B7006FE66D /* WebViewJavascriptBridge.h */,
				C1405C391C9656B7006FE66D /* WebViewJavascriptBridge.m */,
				C1405C3A1C9656B7006FE66D /* WebViewJavascriptBridge_JS.h */,
				C1405C3B1C9656B7006FE66D /* WebViewJavascriptBridge_JS.m */,
				C1405C3C1C9656B7006FE66D /* WebViewJavascriptBridgeBase.h */,
				C1405C3D1C9656B7006FE66D /* WebViewJavascriptBridgeBase.m */,
				C1405C3E1C9656B7006FE66D /* WKWebViewJavascriptBridge.h */,
				C1405C3F1C9656B7006FE66D /* WKWebViewJavascriptBridge.m */,
			);
			name = WebViewJavascriptBridge;
			path = googleBlock2.0/WebViewJavascriptBridge;
			sourceTree = "<group>";
		};
		C1405C441C9661B5006FE66D /* FrameWorks */ = {
			isa = PBXGroup;
			children = (
				C14E6DA91C88403D0081F523 /* AFNetworking */,
				C1405C371C9656B7006FE66D /* WebViewJavascriptBridge */,
				C1405C451C9661E0006FE66D /* WebKit.framework */,
			);
			name = FrameWorks;
			path = ..;
			sourceTree = "<group>";
		};
		C147B6921CC8BA390000A99E /* ProgressView */ = {
			isa = PBXGroup;
			children = (
				C147B6EE1CC8BCC10000A99E /* LeafProgressView.h */,
				C147B6EF1CC8BCC10000A99E /* LeafProgressView.m */,
			);
			name = ProgressView;
			sourceTree = "<group>";
		};
		C14E6DA91C88403D0081F523 /* AFNetworking */ = {
			isa = PBXGroup;
			children = (
				C14E6DAA1C88403D0081F523 /* AFHTTPSessionManager.h */,
				C14E6DAB1C88403D0081F523 /* AFHTTPSessionManager.m */,
				C14E6DAC1C88403D0081F523 /* AFNetworking.h */,
				C14E6DAD1C88403D0081F523 /* AFNetworkReachabilityManager.h */,
				C14E6DAE1C88403D0081F523 /* AFNetworkReachabilityManager.m */,
				C14E6DAF1C88403D0081F523 /* AFSecurityPolicy.h */,
				C14E6DB01C88403D0081F523 /* AFSecurityPolicy.m */,
				C14E6DB11C88403D0081F523 /* AFURLRequestSerialization.h */,
				C14E6DB21C88403D0081F523 /* AFURLRequestSerialization.m */,
				C14E6DB31C88403D0081F523 /* AFURLResponseSerialization.h */,
				C14E6DB41C88403D0081F523 /* AFURLResponseSerialization.m */,
				C14E6DB51C88403D0081F523 /* AFURLSessionManager.h */,
				C14E6DB61C88403D0081F523 /* AFURLSessionManager.m */,
			);
			name = AFNetworking;
			path = googleBlock2.0/AFNetworking;
			sourceTree = "<group>";
		};
		C16033DB1CACED0C00D6BA9B /* MainViewController */ = {
			isa = PBXGroup;
			children = (
				C1405C471C96A345006FE66D /* ExampleUIWebViewController.h */,
				C1405C481C96A345006FE66D /* ExampleUIWebViewController.m */,
			);
			name = MainViewController;
			sourceTree = "<group>";
		};
		C16033DC1CACED5100D6BA9B /* MinorViewController */ = {
			isa = PBXGroup;
			children = (
				C19A1B9D1CAA89C3006CD176 /* FileOptions.h */,
				C19A1B9E1CAA89C3006CD176 /* FileOptions.m */,
				C1B1A4421CAE10B700BE4023 /* SetMask.xib */,
				C1B1A4431CAE10B700BE4023 /* SetMaskView.h */,
				C1B1A4441CAE10B700BE4023 /* SetMaskView.m */,
				C16033D61CACECFE00D6BA9B /* XYSwiperCell.h */,
				C16033D71CACECFE00D6BA9B /* XYSwiperCell.m */,
				C16033D81CACECFE00D6BA9B /* XYSwiperCell.xib */,
			);
			name = MinorViewController;
			sourceTree = "<group>";
		};
		C16033DD1CACED7300D6BA9B /* TestviewController */ = {
			isa = PBXGroup;
			children = (
				C18E0E8C1C7AFD440097A842 /* JSWebViewController.m */,
				C18E0E8B1C7AFD440097A842 /* JSWebViewController.h */,
				C10570DF1CAB6B0800A37C0B /* JZSwipeCell.h */,
				C10570E01CAB6B0800A37C0B /* JZSwipeCell.m */,
				C10570E51CAB7FC600A37C0B /* MCSwipeTableViewCell.h */,
				C10570E61CAB7FC600A37C0B /* MCSwipeTableViewCell.m */,
				C16162B81CBF3C420045B1D5 /* DownImageViewController.h */,
				C16162BB1CBFA2DE0045B1D5 /* NSString+FindString.h */,
				C144174C1CC636B8000C3183 /* NSData+SubData.h */,
				C144174D1CC636B8000C3183 /* NSData+SubData.m */,
				C16162BC1CBFA2DE0045B1D5 /* NSString+FindString.m */,
				C16162B91CBF3C420045B1D5 /* DownImageViewController.m */,
			);
			name = TestviewController;
			sourceTree = "<group>";
		};
		C18E0E791C7AFD440097A842 = {
			isa = PBXGroup;
			children = (
				C18E0E841C7AFD440097A842 /* googleBlock2.0 */,
				C18E0E9E1C7AFD440097A842 /* googleBlock2.0Tests */,
				C18E0EA91C7AFD450097A842 /* googleBlock2.0UITests */,
				C18E0E831C7AFD440097A842 /* Products */,
			);
			sourceTree = "<group>";
		};
		C18E0E831C7AFD440097A842 /* Products */ = {
			isa = PBXGroup;
			children = (
				C18E0E821C7AFD440097A842 /* googleBlock2.0.app */,
				C18E0E9B1C7AFD440097A842 /* googleBlock2.0Tests.xctest */,
				C18E0EA61C7AFD450097A842 /* googleBlock2.0UITests.xctest */,
			);
			name = Products;
			sourceTree = "<group>";
		};
		C18E0E841C7AFD440097A842 /* googleBlock2.0 */ = {
			isa = PBXGroup;
			children = (
				C1B1A4471CAE154C00BE4023 /* HTMLSource */,
				C1405C441C9661B5006FE66D /* FrameWorks */,
				C1B1A44B1CAE160000BE4023 /* MyLib */,
				C16033DB1CACED0C00D6BA9B /* MainViewController */,
				C16033DC1CACED5100D6BA9B /* MinorViewController */,
				C16033DD1CACED7300D6BA9B /* TestviewController */,
				C1405C4A1C96AC78006FE66D /* ExampleApp.html */,
				C1B1A44C1CAE169C00BE4023 /* Others */,
				C18E0E851C7AFD440097A842 /* Supporting Files */,
			);
			path = googleBlock2.0;
			sourceTree = "<group>";
		};
		C18E0E851C7AFD440097A842 /* Supporting Files */ = {
			isa = PBXGroup;
			children = (
				C18E0E961C7AFD440097A842 /* Info.plist */,
				C14571E31CB603E9004256F0 /* googleBlock2.0.pch */,
				C18E0E911C7AFD440097A842 /* Assets.xcassets */,
			);
			name = "Supporting Files";
			sourceTree = "<group>";
		};
		C18E0E9E1C7AFD440097A842 /* googleBlock2.0Tests */ = {
			isa = PBXGroup;
			children = (
				C18E0E9F1C7AFD440097A842 /* googleBlock2_0Tests.m */,
				C18E0EA11C7AFD450097A842 /* Info.plist */,
			);
			path = googleBlock2.0Tests;
			sourceTree = "<group>";
		};
		C18E0EA91C7AFD450097A842 /* googleBlock2.0UITests */ = {
			isa = PBXGroup;
			children = (
				C18E0EAA1C7AFD450097A842 /* googleBlock2_0UITests.m */,
				C18E0EAC1C7AFD450097A842 /* Info.plist */,
			);
			path = googleBlock2.0UITests;
			sourceTree = "<group>";
		};
		C1B1A4381CAD314600BE4023 /* Categories */ = {
			isa = PBXGroup;
			children = (
				C1B1A43F1CAD316D00BE4023 /* KVNProgressView.xib */,
				C1B1A4391CAD314600BE4023 /* UIImage+KVNEmpty.h */,
				C1B1A43A1CAD314600BE4023 /* UIImage+KVNEmpty.m */,
				C1B1A43B1CAD314600BE4023 /* UIImage+KVNImageEffects.h */,
				C1B1A43C1CAD314600BE4023 /* UIImage+KVNImageEffects.m */,
				C14827431CC9BC3400E53C5E /* KVNViewController.h */,
			);
			path = Categories;
			sourceTree = "<group>";
		};
		C1B1A4411CAD317500BE4023 /* HUD */ = {
			isa = PBXGroup;
			children = (
				C1B1A4381CAD314600BE4023 /* Categories */,
				C1B1A4351CAD310000BE4023 /* KVNProgress.h */,
				C1B1A4361CAD310000BE4023 /* KVNProgress.m */,
				C14827411CC9BC2600E53C5E /* KVNViewController.text */,
			);
			name = HUD;
			path = googleBlock2.0;
			sourceTree = "<group>";
		};
		C1B1A4471CAE154C00BE4023 /* HTMLSource */ = {
			isa = PBXGroup;
			children = (
				C150431C1C9F918D00F42905 /* BlocklyDuino-pages */,
			);
			name = HTMLSource;
			sourceTree = "<group>";
		};
		C1B1A44B1CAE160000BE4023 /* MyLib */ = {
			isa = PBXGroup;
			children = (
				C147B6921CC8BA390000A99E /* ProgressView */,
				C14571DF1CB5FEEE004256F0 /* Device.h */,
				C14571E01CB5FEEE004256F0 /* Device.m */,
				C14E6DA61C883FE80081F523 /* XYNetworkInterface.h */,
				C14E6DA71C883FE80081F523 /* XYNetworkInterface.m */,
				C1B1A4411CAD317500BE4023 /* HUD */,
				C1B1A4481CAE15F200BE4023 /* SerialGATT.h */,
				C1B1A4491CAE15F200BE4023 /* SerialGATT.m */,
				C1B1A44E1CAE1B4A00BE4023 /* XYSerialManage.h */,
				C1B1A44F1CAE1B4A00BE4023 /* XYSerialManage.m */,
			);
			name = MyLib;
			path = ..;
			sourceTree = "<group>";
		};
		C1B1A44C1CAE169C00BE4023 /* Others */ = {
			isa = PBXGroup;
			children = (
				C18E0E861C7AFD440097A842 /* main.m */,
				C18E0E891C7AFD440097A842 /* AppDelegate.m */,
				C18E0E881C7AFD440097A842 /* AppDelegate.h */,
				C18E0E931C7AFD440097A842 /* LaunchScreen.storyboard */,
				C18E0E8E1C7AFD440097A842 /* Main.storyboard */,
			);
			name = Others;
			sourceTree = "<group>";
		};
/* End PBXGroup section */

/* Begin PBXNativeTarget section */
		C18E0E811C7AFD440097A842 /* googleBlock2.0 */ = {
			isa = PBXNativeTarget;
			buildConfigurationList = C18E0EAF1C7AFD450097A842 /* Build configuration list for PBXNativeTarget "googleBlock2.0" */;
			buildPhases = (
				C18E0E7E1C7AFD440097A842 /* Sources */,
				C18E0E7F1C7AFD440097A842 /* Frameworks */,
				C18E0E801C7AFD440097A842 /* Resources */,
			);
			buildRules = (
			);
			dependencies = (
			);
			name = googleBlock2.0;
			productName = googleBlock2.0;
			productReference = C18E0E821C7AFD440097A842 /* googleBlock2.0.app */;
			productType = "com.apple.product-type.application";
		};
		C18E0E9A1C7AFD440097A842 /* googleBlock2.0Tests */ = {
			isa = PBXNativeTarget;
			buildConfigurationList = C18E0EB21C7AFD450097A842 /* Build configuration list for PBXNativeTarget "googleBlock2.0Tests" */;
			buildPhases = (
				C18E0E971C7AFD440097A842 /* Sources */,
				C18E0E981C7AFD440097A842 /* Frameworks */,
				C18E0E991C7AFD440097A842 /* Resources */,
			);
			buildRules = (
			);
			dependencies = (
				C18E0E9D1C7AFD440097A842 /* PBXTargetDependency */,
			);
			name = googleBlock2.0Tests;
			productName = googleBlock2.0Tests;
			productReference = C18E0E9B1C7AFD440097A842 /* googleBlock2.0Tests.xctest */;
			productType = "com.apple.product-type.bundle.unit-test";
		};
		C18E0EA51C7AFD450097A842 /* googleBlock2.0UITests */ = {
			isa = PBXNativeTarget;
			buildConfigurationList = C18E0EB51C7AFD450097A842 /* Build configuration list for PBXNativeTarget "googleBlock2.0UITests" */;
			buildPhases = (
				C18E0EA21C7AFD450097A842 /* Sources */,
				C18E0EA31C7AFD450097A842 /* Frameworks */,
				C18E0EA41C7AFD450097A842 /* Resources */,
			);
			buildRules = (
			);
			dependencies = (
				C18E0EA81C7AFD450097A842 /* PBXTargetDependency */,
			);
			name = googleBlock2.0UITests;
			productName = googleBlock2.0UITests;
			productReference = C18E0EA61C7AFD450097A842 /* googleBlock2.0UITests.xctest */;
			productType = "com.apple.product-type.bundle.ui-testing";
		};
/* End PBXNativeTarget section */

/* Begin PBXProject section */
		C18E0E7A1C7AFD440097A842 /* Project object */ = {
			isa = PBXProject;
			attributes = {
				LastUpgradeCheck = 0720;
				ORGANIZATIONNAME = RainPoll;
				TargetAttributes = {
					C18E0E811C7AFD440097A842 = {
						CreatedOnToolsVersion = 7.2;
						DevelopmentTeam = 7QBZV3YGDE;
					};
					C18E0E9A1C7AFD440097A842 = {
						CreatedOnToolsVersion = 7.2;
						TestTargetID = C18E0E811C7AFD440097A842;
					};
					C18E0EA51C7AFD450097A842 = {
						CreatedOnToolsVersion = 7.2;
						TestTargetID = C18E0E811C7AFD440097A842;
					};
				};
			};
			buildConfigurationList = C18E0E7D1C7AFD440097A842 /* Build configuration list for PBXProject "googleBlock2.0" */;
			compatibilityVersion = "Xcode 3.2";
			developmentRegion = English;
			hasScannedForEncodings = 0;
			knownRegions = (
				en,
				Base,
			);
			mainGroup = C18E0E791C7AFD440097A842;
			productRefGroup = C18E0E831C7AFD440097A842 /* Products */;
			projectDirPath = "";
			projectRoot = "";
			targets = (
				C18E0E811C7AFD440097A842 /* googleBlock2.0 */,
				C18E0E9A1C7AFD440097A842 /* googleBlock2.0Tests */,
				C18E0EA51C7AFD450097A842 /* googleBlock2.0UITests */,
			);
		};
/* End PBXProject section */

/* Begin PBXResourcesBuildPhase section */
		C18E0E801C7AFD440097A842 /* Resources */ = {
			isa = PBXResourcesBuildPhase;
			buildActionMask = 2147483647;
			files = (
				C1405C4B1C96AC78006FE66D /* ExampleApp.html in Resources */,
				C18E0E951C7AFD440097A842 /* LaunchScreen.storyboard in Resources */,
				C1B1A4401CAD316D00BE4023 /* KVNProgressView.xib in Resources */,
				C150431D1C9F918D00F42905 /* BlocklyDuino-pages in Resources */,
				C18E0E921C7AFD440097A842 /* Assets.xcassets in Resources */,
				C18E0E901C7AFD440097A842 /* Main.storyboard in Resources */,
				C1B1A4451CAE10B700BE4023 /* SetMask.xib in Resources */,
				C16033DA1CACECFE00D6BA9B /* XYSwiperCell.xib in Resources */,
			);
			runOnlyForDeploymentPostprocessing = 0;
		};
		C18E0E991C7AFD440097A842 /* Resources */ = {
			isa = PBXResourcesBuildPhase;
			buildActionMask = 2147483647;
			files = (
			);
			runOnlyForDeploymentPostprocessing = 0;
		};
		C18E0EA41C7AFD450097A842 /* Resources */ = {
			isa = PBXResourcesBuildPhase;
			buildActionMask = 2147483647;
			files = (
			);
			runOnlyForDeploymentPostprocessing = 0;
		};
/* End PBXResourcesBuildPhase section */

/* Begin PBXSourcesBuildPhase section */
		C18E0E7E1C7AFD440097A842 /* Sources */ = {
			isa = PBXSourcesBuildPhase;
			buildActionMask = 2147483647;
			files = (
				C14E6DB91C88403D0081F523 /* AFSecurityPolicy.m in Sources */,
				C1405C421C9656B7006FE66D /* WebViewJavascriptBridgeBase.m in Sources */,
				C144174E1CC636B8000C3183 /* NSData+SubData.m in Sources */,
				C14E6DBB1C88403D0081F523 /* AFURLResponseSerialization.m in Sources */,
				C16162BA1CBF3C420045B1D5 /* DownImageViewController.m in Sources */,
				C18E0E8D1C7AFD440097A842 /* JSWebViewController.m in Sources */,
				C19A1B9F1CAA89C3006CD176 /* FileOptions.m in Sources */,
				C10570E11CAB6B0800A37C0B /* JZSwipeCell.m in Sources */,
				C16162BD1CBFA2DE0045B1D5 /* NSString+FindString.m in Sources */,
				C1B1A4461CAE10B700BE4023 /* SetMaskView.m in Sources */,
				C1B1A44A1CAE15F200BE4023 /* SerialGATT.m in Sources */,
				C1405C401C9656B7006FE66D /* WebViewJavascriptBridge.m in Sources */,
				C18E0E8A1C7AFD440097A842 /* AppDelegate.m in Sources */,
				C14E6DB71C88403D0081F523 /* AFHTTPSessionManager.m in Sources */,
				C16033D91CACECFE00D6BA9B /* XYSwiperCell.m in Sources */,
				C1B1A4501CAE1B4A00BE4023 /* XYSerialManage.m in Sources */,
				C14E6DBC1C88403D0081F523 /* AFURLSessionManager.m in Sources */,
				C18E0E871C7AFD440097A842 /* main.m in Sources */,
				C1B1A43E1CAD314600BE4023 /* UIImage+KVNImageEffects.m in Sources */,
				C1B1A4371CAD310000BE4023 /* KVNProgress.m in Sources */,
				C1405C411C9656B7006FE66D /* WebViewJavascriptBridge_JS.m in Sources */,
				C14E6DB81C88403D0081F523 /* AFNetworkReachabilityManager.m in Sources */,
				C1B1A43D1CAD314600BE4023 /* UIImage+KVNEmpty.m in Sources */,
				C14E6DA81C883FE80081F523 /* XYNetworkInterface.m in Sources */,
				C14827421CC9BC2600E53C5E /* KVNViewController.text in Sources */,
				C10570E71CAB7FC600A37C0B /* MCSwipeTableViewCell.m in Sources */,
				C14E6DBA1C88403D0081F523 /* AFURLRequestSerialization.m in Sources */,
				C14571E11CB5FEEE004256F0 /* Device.m in Sources */,
				C147B6F01CC8BCC10000A99E /* LeafProgressView.m in Sources */,
				C1405C431C9656B7006FE66D /* WKWebViewJavascriptBridge.m in Sources */,
				C1405C491C96A345006FE66D /* ExampleUIWebViewController.m in Sources */,
			);
			runOnlyForDeploymentPostprocessing = 0;
		};
		C18E0E971C7AFD440097A842 /* Sources */ = {
			isa = PBXSourcesBuildPhase;
			buildActionMask = 2147483647;
			files = (
				C18E0EA01C7AFD440097A842 /* googleBlock2_0Tests.m in Sources */,
			);
			runOnlyForDeploymentPostprocessing = 0;
		};
		C18E0EA21C7AFD450097A842 /* Sources */ = {
			isa = PBXSourcesBuildPhase;
			buildActionMask = 2147483647;
			files = (
				C18E0EAB1C7AFD450097A842 /* googleBlock2_0UITests.m in Sources */,
			);
			runOnlyForDeploymentPostprocessing = 0;
		};
/* End PBXSourcesBuildPhase section */

/* Begin PBXTargetDependency section */
		C18E0E9D1C7AFD440097A842 /* PBXTargetDependency */ = {
			isa = PBXTargetDependency;
			target = C18E0E811C7AFD440097A842 /* googleBlock2.0 */;
			targetProxy = C18E0E9C1C7AFD440097A842 /* PBXContainerItemProxy */;
		};
		C18E0EA81C7AFD450097A842 /* PBXTargetDependency */ = {
			isa = PBXTargetDependency;
			target = C18E0E811C7AFD440097A842 /* googleBlock2.0 */;
			targetProxy = C18E0EA71C7AFD450097A842 /* PBXContainerItemProxy */;
		};
/* End PBXTargetDependency section */

/* Begin PBXVariantGroup section */
		C18E0E8E1C7AFD440097A842 /* Main.storyboard */ = {
			isa = PBXVariantGroup;
			children = (
				C18E0E8F1C7AFD440097A842 /* Base */,
			);
			name = Main.storyboard;
			sourceTree = "<group>";
		};
		C18E0E931C7AFD440097A842 /* LaunchScreen.storyboard */ = {
			isa = PBXVariantGroup;
			children = (
				C18E0E941C7AFD440097A842 /* Base */,
			);
			name = LaunchScreen.storyboard;
			sourceTree = "<group>";
		};
/* End PBXVariantGroup section */

/* Begin XCBuildConfiguration section */
		C18E0EAD1C7AFD450097A842 /* Debug */ = {
			isa = XCBuildConfiguration;
			buildSettings = {
				ALWAYS_SEARCH_USER_PATHS = NO;
				CLANG_CXX_LANGUAGE_STANDARD = "gnu++0x";
				CLANG_CXX_LIBRARY = "libc++";
				CLANG_ENABLE_MODULES = YES;
				CLANG_ENABLE_OBJC_ARC = YES;
				CLANG_WARN_BOOL_CONVERSION = YES;
				CLANG_WARN_CONSTANT_CONVERSION = YES;
				CLANG_WARN_DIRECT_OBJC_ISA_USAGE = YES_ERROR;
				CLANG_WARN_EMPTY_BODY = YES;
				CLANG_WARN_ENUM_CONVERSION = YES;
				CLANG_WARN_INT_CONVERSION = YES;
				CLANG_WARN_OBJC_ROOT_CLASS = YES_ERROR;
				CLANG_WARN_UNREACHABLE_CODE = YES;
				CLANG_WARN__DUPLICATE_METHOD_MATCH = YES;
				"CODE_SIGN_IDENTITY[sdk=iphoneos*]" = "iPhone Developer";
				COPY_PHASE_STRIP = NO;
				DEBUG_INFORMATION_FORMAT = dwarf;
				ENABLE_STRICT_OBJC_MSGSEND = YES;
				ENABLE_TESTABILITY = YES;
				GCC_C_LANGUAGE_STANDARD = gnu99;
				GCC_DYNAMIC_NO_PIC = NO;
				GCC_NO_COMMON_BLOCKS = YES;
				GCC_OPTIMIZATION_LEVEL = 0;
				GCC_PRECOMPILE_PREFIX_HEADER = YES;
				GCC_PREFIX_HEADER = "$(SRCROOT)/googleBlock2.0/googleBlock2.0.pch";
				GCC_PREPROCESSOR_DEFINITIONS = (
					"DEBUG=1",
					"$(inherited)",
				);
				GCC_WARN_64_TO_32_BIT_CONVERSION = YES;
				GCC_WARN_ABOUT_RETURN_TYPE = YES_ERROR;
				GCC_WARN_UNDECLARED_SELECTOR = YES;
				GCC_WARN_UNINITIALIZED_AUTOS = YES_AGGRESSIVE;
				GCC_WARN_UNUSED_FUNCTION = YES;
				GCC_WARN_UNUSED_VARIABLE = YES;
				IPHONEOS_DEPLOYMENT_TARGET = 9.2;
				MTL_ENABLE_DEBUG_INFO = YES;
				ONLY_ACTIVE_ARCH = YES;
				SDKROOT = iphoneos;
			};
			name = Debug;
		};
		C18E0EAE1C7AFD450097A842 /* Release */ = {
			isa = XCBuildConfiguration;
			buildSettings = {
				ALWAYS_SEARCH_USER_PATHS = NO;
				CLANG_CXX_LANGUAGE_STANDARD = "gnu++0x";
				CLANG_CXX_LIBRARY = "libc++";
				CLANG_ENABLE_MODULES = YES;
				CLANG_ENABLE_OBJC_ARC = YES;
				CLANG_WARN_BOOL_CONVERSION = YES;
				CLANG_WARN_CONSTANT_CONVERSION = YES;
				CLANG_WARN_DIRECT_OBJC_ISA_USAGE = YES_ERROR;
				CLANG_WARN_EMPTY_BODY = YES;
				CLANG_WARN_ENUM_CONVERSION = YES;
				CLANG_WARN_INT_CONVERSION = YES;
				CLANG_WARN_OBJC_ROOT_CLASS = YES_ERROR;
				CLANG_WARN_UNREACHABLE_CODE = YES;
				CLANG_WARN__DUPLICATE_METHOD_MATCH = YES;
				"CODE_SIGN_IDENTITY[sdk=iphoneos*]" = "iPhone Developer";
				COPY_PHASE_STRIP = NO;
				DEBUG_INFORMATION_FORMAT = "dwarf-with-dsym";
				ENABLE_NS_ASSERTIONS = NO;
				ENABLE_STRICT_OBJC_MSGSEND = YES;
				GCC_C_LANGUAGE_STANDARD = gnu99;
				GCC_NO_COMMON_BLOCKS = YES;
				GCC_PRECOMPILE_PREFIX_HEADER = YES;
				GCC_PREFIX_HEADER = "$(SRCROOT)/googleBlock2.0/googleBlock2.0.pch";
				GCC_WARN_64_TO_32_BIT_CONVERSION = YES;
				GCC_WARN_ABOUT_RETURN_TYPE = YES_ERROR;
				GCC_WARN_UNDECLARED_SELECTOR = YES;
				GCC_WARN_UNINITIALIZED_AUTOS = YES_AGGRESSIVE;
				GCC_WARN_UNUSED_FUNCTION = YES;
				GCC_WARN_UNUSED_VARIABLE = YES;
				IPHONEOS_DEPLOYMENT_TARGET = 9.2;
				MTL_ENABLE_DEBUG_INFO = NO;
				SDKROOT = iphoneos;
				VALIDATE_PRODUCT = YES;
			};
			name = Release;
		};
		C18E0EB01C7AFD450097A842 /* Debug */ = {
			isa = XCBuildConfiguration;
			buildSettings = {
				ASSETCATALOG_COMPILER_APPICON_NAME = AppIcon;
				CODE_SIGN_IDENTITY = "iPhone Developer";
				"CODE_SIGN_IDENTITY[sdk=iphoneos*]" = "iPhone Developer";
				GCC_PRECOMPILE_PREFIX_HEADER = YES;
				GCC_PREFIX_HEADER = "$(SRCROOT)/googleBlock2.0/googleBlock2.0.pch";
				INFOPLIST_FILE = googleBlock2.0/Info.plist;
				IPHONEOS_DEPLOYMENT_TARGET = 7.1;
				LD_RUNPATH_SEARCH_PATHS = "$(inherited) @executable_path/Frameworks";
				PRODUCT_BUNDLE_IDENTIFIER = "com.alsrobort.rainPoll.googleBlock2-0";
				PRODUCT_NAME = "$(TARGET_NAME)";
				PROVISIONING_PROFILE = "";
				TARGETED_DEVICE_FAMILY = "1,2";
			};
			name = Debug;
		};
		C18E0EB11C7AFD450097A842 /* Release */ = {
			isa = XCBuildConfiguration;
			buildSettings = {
				ASSETCATALOG_COMPILER_APPICON_NAME = AppIcon;
				CODE_SIGN_IDENTITY = "iPhone Developer";
				"CODE_SIGN_IDENTITY[sdk=iphoneos*]" = "iPhone Developer";
				GCC_PRECOMPILE_PREFIX_HEADER = YES;
				GCC_PREFIX_HEADER = "$(SRCROOT)/googleBlock2.0/googleBlock2.0.pch";
				INFOPLIST_FILE = googleBlock2.0/Info.plist;
				IPHONEOS_DEPLOYMENT_TARGET = 7.1;
				LD_RUNPATH_SEARCH_PATHS = "$(inherited) @executable_path/Frameworks";
				PRODUCT_BUNDLE_IDENTIFIER = "com.alsrobort.rainPoll.googleBlock2-0";
				PRODUCT_NAME = "$(TARGET_NAME)";
				PROVISIONING_PROFILE = "";
				TARGETED_DEVICE_FAMILY = "1,2";
			};
			name = Release;
		};
		C18E0EB31C7AFD450097A842 /* Debug */ = {
			isa = XCBuildConfiguration;
			buildSettings = {
				BUNDLE_LOADER = "$(TEST_HOST)";
				INFOPLIST_FILE = googleBlock2.0Tests/Info.plist;
				LD_RUNPATH_SEARCH_PATHS = "$(inherited) @executable_path/Frameworks @loader_path/Frameworks";
				PRODUCT_BUNDLE_IDENTIFIER = "com.alsrobort.rainPoll.googleBlock2-0Tests";
				PRODUCT_NAME = "$(TARGET_NAME)";
				TEST_HOST = "$(BUILT_PRODUCTS_DIR)/googleBlock2.0.app/googleBlock2.0";
			};
			name = Debug;
		};
		C18E0EB41C7AFD450097A842 /* Release */ = {
			isa = XCBuildConfiguration;
			buildSettings = {
				BUNDLE_LOADER = "$(TEST_HOST)";
				INFOPLIST_FILE = googleBlock2.0Tests/Info.plist;
				LD_RUNPATH_SEARCH_PATHS = "$(inherited) @executable_path/Frameworks @loader_path/Frameworks";
				PRODUCT_BUNDLE_IDENTIFIER = "com.alsrobort.rainPoll.googleBlock2-0Tests";
				PRODUCT_NAME = "$(TARGET_NAME)";
				TEST_HOST = "$(BUILT_PRODUCTS_DIR)/googleBlock2.0.app/googleBlock2.0";
			};
			name = Release;
		};
		C18E0EB61C7AFD450097A842 /* Debug */ = {
			isa = XCBuildConfiguration;
			buildSettings = {
				INFOPLIST_FILE = googleBlock2.0UITests/Info.plist;
				LD_RUNPATH_SEARCH_PATHS = "$(inherited) @executable_path/Frameworks @loader_path/Frameworks";
				PRODUCT_BUNDLE_IDENTIFIER = "com.alsrobort.rainPoll.googleBlock2-0UITests";
				PRODUCT_NAME = "$(TARGET_NAME)";
				TEST_TARGET_NAME = googleBlock2.0;
				USES_XCTRUNNER = YES;
			};
			name = Debug;
		};
		C18E0EB71C7AFD450097A842 /* Release */ = {
			isa = XCBuildConfiguration;
			buildSettings = {
				INFOPLIST_FILE = googleBlock2.0UITests/Info.plist;
				LD_RUNPATH_SEARCH_PATHS = "$(inherited) @executable_path/Frameworks @loader_path/Frameworks";
				PRODUCT_BUNDLE_IDENTIFIER = "com.alsrobort.rainPoll.googleBlock2-0UITests";
				PRODUCT_NAME = "$(TARGET_NAME)";
				TEST_TARGET_NAME = googleBlock2.0;
				USES_XCTRUNNER = YES;
			};
			name = Release;
		};
/* End XCBuildConfiguration section */

/* Begin XCConfigurationList section */
		C18E0E7D1C7AFD440097A842 /* Build configuration list for PBXProject "googleBlock2.0" */ = {
			isa = XCConfigurationList;
			buildConfigurations = (
				C18E0EAD1C7AFD450097A842 /* Debug */,
				C18E0EAE1C7AFD450097A842 /* Release */,
			);
			defaultConfigurationIsVisible = 0;
			defaultConfigurationName = Release;
		};
		C18E0EAF1C7AFD450097A842 /* Build configuration list for PBXNativeTarget "googleBlock2.0" */ = {
			isa = XCConfigurationList;
			buildConfigurations = (
				C18E0EB01C7AFD450097A842 /* Debug */,
				C18E0EB11C7AFD450097A842 /* Release */,
			);
			defaultConfigurationIsVisible = 0;
			defaultConfigurationName = Release;
		};
		C18E0EB21C7AFD450097A842 /* Build configuration list for PBXNativeTarget "googleBlock2.0Tests" */ = {
			isa = XCConfigurationList;
			buildConfigurations = (
				C18E0EB31C7AFD450097A842 /* Debug */,
				C18E0EB41C7AFD450097A842 /* Release */,
			);
			defaultConfigurationIsVisible = 0;
			defaultConfigurationName = Release;
		};
		C18E0EB51C7AFD450097A842 /* Build configuration list for PBXNativeTarget "googleBlock2.0UITests" */ = {
			isa = XCConfigurationList;
			buildConfigurations = (
				C18E0EB61C7AFD450097A842 /* Debug */,
				C18E0EB71C7AFD450097A842 /* Release */,
			);
			defaultConfigurationIsVisible = 0;
			defaultConfigurationName = Release;
		};
/* End XCConfigurationList section */
	};
	rootObject = C18E0E7A1C7AFD440097A842 /* Project object */;
}
